
Microsoft Visual Studio Solution File, Format Version 12.00
# Visual Studio Version 17
VisualStudioVersion = 17.1.32127.271
MinimumVisualStudioVersion = 10.0.40219.1
Project("{2150E333-8FDC-42A3-9474-1A3956D46DE8}") = "src", "src", "{33A08A65-99A8-4A59-947D-31FB9A37C872}"
EndProject
Project("{2150E333-8FDC-42A3-9474-1A3956D46DE8}") = "test", "test", "{C6E3CB00-49ED-4E56-839C-D691EF577A6C}"
EndProject
Project("{2150E333-8FDC-42A3-9474-1A3956D46DE8}") = "Math", "Math", "{82CFE8C5-B910-4A81-B508-ADCB2CB1AC44}"
EndProject
Project("{2150E333-8FDC-42A3-9474-1A3956D46DE8}") = "Music", "Music", "{210A00ED-1A90-4D23-B618-AA13258EC5F3}"
EndProject
Project("{2150E333-8FDC-42A3-9474-1A3956D46DE8}") = "Nature", "Nature", "{B7A64486-1E83-4227-94A5-5767411B8EE1}"
EndProject
Project("{2150E333-8FDC-42A3-9474-1A3956D46DE8}") = "Geometry", "Geometry", "{174B42E7-A7AF-4F8B-887A-418955C06FC3}"
EndProject
Project("{2150E333-8FDC-42A3-9474-1A3956D46DE8}") = "Geography", "Geography", "{BC1EC875-8096-45A5-B9D0-EC773B50651C}"
EndProject
Project("{2150E333-8FDC-42A3-9474-1A3956D46DE8}") = "Animals", "Animals", "{B1D17945-0806-49F2-9B87-864B3160ACB6}"
EndProject
Project("{2150E333-8FDC-42A3-9474-1A3956D46DE8}") = "Plants", "Plants", "{AD269A74-B4D7-494E-B4E4-F7F44B119234}"
EndProject
Project("{2150E333-8FDC-42A3-9474-1A3956D46DE8}") = "Space", "Space", "{93002F16-4F6B-4F27-AF4D-117A75C1AA02}"
EndProject
Project("{2150E333-8FDC-42A3-9474-1A3956D46DE8}") = "Instruments", "Instruments", "{2B0667E4-BFF5-4DDD-84C1-B08122711236}"
EndProject
Global
	GlobalSection(SolutionProperties) = preSolution
		HideSolutionNode = FALSE
	EndGlobalSection
	GlobalSection(NestedProjects) = preSolution
		{82CFE8C5-B910-4A81-B508-ADCB2CB1AC44} = {33A08A65-99A8-4A59-947D-31FB9A37C872}
		{210A00ED-1A90-4D23-B618-AA13258EC5F3} = {33A08A65-99A8-4A59-947D-31FB9A37C872}
		{B7A64486-1E83-4227-94A5-5767411B8EE1} = {33A08A65-99A8-4A59-947D-31FB9A37C872}
		{174B42E7-A7AF-4F8B-887A-418955C06FC3} = {82CFE8C5-B910-4A81-B508-ADCB2CB1AC44}
		{BC1EC875-8096-45A5-B9D0-EC773B50651C} = {B7A64486-1E83-4227-94A5-5767411B8EE1}
		{B1D17945-0806-49F2-9B87-864B3160ACB6} = {B7A64486-1E83-4227-94A5-5767411B8EE1}
		{AD269A74-B4D7-494E-B4E4-F7F44B119234} = {B7A64486-1E83-4227-94A5-5767411B8EE1}
		{93002F16-4F6B-4F27-AF4D-117A75C1AA02} = {33A08A65-99A8-4A59-947D-31FB9A37C872}
		{2B0667E4-BFF5-4DDD-84C1-B08122711236} = {210A00ED-1A90-4D23-B618-AA13258EC5F3}
	EndGlobalSection
	GlobalSection(ExtensibilityGlobals) = postSolution
		SolutionGuid = {2C4CB17E-9E25-41C0-BF71-95B268690E88}
	EndGlobalSection
EndGlobal
